// !$*UTF8*$!
{
	archiveVersion = 1;
	classes = {
	};
	objectVersion = 55;
	objects = {

/* Begin PBXBuildFile section */
		DB62012D288A49A90026C0C3 /* AppDelegate.swift in Sources */ = {isa = PBXBuildFile; fileRef = DB62012C288A49A90026C0C3 /* AppDelegate.swift */; };
		DB62012F288A49A90026C0C3 /* SceneDelegate.swift in Sources */ = {isa = PBXBuildFile; fileRef = DB62012E288A49A90026C0C3 /* SceneDelegate.swift */; };
		DB620131288A49A90026C0C3 /* FirstDownloadView.swift in Sources */ = {isa = PBXBuildFile; fileRef = DB620130288A49A90026C0C3 /* FirstDownloadView.swift */; };
		DB620134288A49A90026C0C3 /* Main.storyboard in Resources */ = {isa = PBXBuildFile; fileRef = DB620132288A49A90026C0C3 /* Main.storyboard */; };
		DB620136288A49AA0026C0C3 /* Assets.xcassets in Resources */ = {isa = PBXBuildFile; fileRef = DB620135288A49AA0026C0C3 /* Assets.xcassets */; };
		DB620139288A49AA0026C0C3 /* LaunchScreen.storyboard in Resources */ = {isa = PBXBuildFile; fileRef = DB620137288A49AA0026C0C3 /* LaunchScreen.storyboard */; };
		DB620142288A60D00026C0C3 /* Utilities.swift in Sources */ = {isa = PBXBuildFile; fileRef = DB620140288A60D00026C0C3 /* Utilities.swift */; };
		DB620143288A60D00026C0C3 /* Extensions.swift in Sources */ = {isa = PBXBuildFile; fileRef = DB620141288A60D00026C0C3 /* Extensions.swift */; };
		DB620148288A61AC0026C0C3 /* Raleway-Bold.ttf in Resources */ = {isa = PBXBuildFile; fileRef = DB620145288A61AC0026C0C3 /* Raleway-Bold.ttf */; };
		DB620149288A61AC0026C0C3 /* Raleway-SemiBold.ttf in Resources */ = {isa = PBXBuildFile; fileRef = DB620146288A61AC0026C0C3 /* Raleway-SemiBold.ttf */; };
		DB62014A288A61AC0026C0C3 /* Raleway-Medium.ttf in Resources */ = {isa = PBXBuildFile; fileRef = DB620147288A61AC0026C0C3 /* Raleway-Medium.ttf */; };
/* End PBXBuildFile section */

/* Begin PBXFileReference section */
		DB620129288A49A90026C0C3 /* Nano2.app */ = {isa = PBXFileReference; explicitFileType = wrapper.application; includeInIndex = 0; path = Nano2.app; sourceTree = BUILT_PRODUCTS_DIR; };
		DB62012C288A49A90026C0C3 /* AppDelegate.swift */ = {isa = PBXFileReference; lastKnownFileType = sourcecode.swift; path = AppDelegate.swift; sourceTree = "<group>"; };
		DB62012E288A49A90026C0C3 /* SceneDelegate.swift */ = {isa = PBXFileReference; lastKnownFileType = sourcecode.swift; path = SceneDelegate.swift; sourceTree = "<group>"; };
		DB620130288A49A90026C0C3 /* FirstDownloadView.swift */ = {isa = PBXFileReference; lastKnownFileType = sourcecode.swift; path = FirstDownloadView.swift; sourceTree = "<group>"; };
		DB620133288A49A90026C0C3 /* Base */ = {isa = PBXFileReference; lastKnownFileType = file.storyboard; name = Base; path = Base.lproj/Main.storyboard; sourceTree = "<group>"; };
		DB620135288A49AA0026C0C3 /* Assets.xcassets */ = {isa = PBXFileReference; lastKnownFileType = folder.assetcatalog; path = Assets.xcassets; sourceTree = "<group>"; };
		DB620138288A49AA0026C0C3 /* Base */ = {isa = PBXFileReference; lastKnownFileType = file.storyboard; name = Base; path = Base.lproj/LaunchScreen.storyboard; sourceTree = "<group>"; };
		DB62013A288A49AA0026C0C3 /* Info.plist */ = {isa = PBXFileReference; lastKnownFileType = text.plist.xml; path = Info.plist; sourceTree = "<group>"; };
		DB620140288A60D00026C0C3 /* Utilities.swift */ = {isa = PBXFileReference; fileEncoding = 4; lastKnownFileType = sourcecode.swift; path = Utilities.swift; sourceTree = "<group>"; };
		DB620141288A60D00026C0C3 /* Extensions.swift */ = {isa = PBXFileReference; fileEncoding = 4; lastKnownFileType = sourcecode.swift; path = Extensions.swift; sourceTree = "<group>"; };
		DB620145288A61AC0026C0C3 /* Raleway-Bold.ttf */ = {isa = PBXFileReference; lastKnownFileType = file; path = "Raleway-Bold.ttf"; sourceTree = "<group>"; };
		DB620146288A61AC0026C0C3 /* Raleway-SemiBold.ttf */ = {isa = PBXFileReference; lastKnownFileType = file; path = "Raleway-SemiBold.ttf"; sourceTree = "<group>"; };
		DB620147288A61AC0026C0C3 /* Raleway-Medium.ttf */ = {isa = PBXFileReference; lastKnownFileType = file; path = "Raleway-Medium.ttf"; sourceTree = "<group>"; };
/* End PBXFileReference section */

/* Begin PBXFrameworksBuildPhase section */
		DB620126288A49A90026C0C3 /* Frameworks */ = {
			isa = PBXFrameworksBuildPhase;
			buildActionMask = 2147483647;
			files = (
			);
			runOnlyForDeploymentPostprocessing = 0;
		};
/* End PBXFrameworksBuildPhase section */

/* Begin PBXGroup section */
		DB620120288A49A90026C0C3 = {
			isa = PBXGroup;
			children = (
				DB62012B288A49A90026C0C3 /* Nano2 */,
				DB62012A288A49A90026C0C3 /* Products */,
			);
			sourceTree = "<group>";
		};
		DB62012A288A49A90026C0C3 /* Products */ = {
			isa = PBXGroup;
			children = (
				DB620129288A49A90026C0C3 /* Nano2.app */,
			);
			name = Products;
			sourceTree = "<group>";
		};
		DB62012B288A49A90026C0C3 /* Nano2 */ = {
			isa = PBXGroup;
			children = (
				DB62012C288A49A90026C0C3 /* AppDelegate.swift */,
				DB62012E288A49A90026C0C3 /* SceneDelegate.swift */,
				DB620130288A49A90026C0C3 /* FirstDownloadView.swift */,
				DB620132288A49A90026C0C3 /* Main.storyboard */,
				DB620137288A49AA0026C0C3 /* LaunchScreen.storyboard */,
				DB620144288A60D40026C0C3 /* Utilities */,
				DB62014B288A61B10026C0C3 /* Fonts */,
				DB620135288A49AA0026C0C3 /* Assets.xcassets */,
				DB62013A288A49AA0026C0C3 /* Info.plist */,
			);
			path = Nano2;
			sourceTree = "<group>";
		};
		DB620144288A60D40026C0C3 /* Utilities */ = {
			isa = PBXGroup;
			children = (
				DB620141288A60D00026C0C3 /* Extensions.swift */,
				DB620140288A60D00026C0C3 /* Utilities.swift */,
			);
			path = Utilities;
			sourceTree = "<group>";
		};
		DB62014B288A61B10026C0C3 /* Fonts */ = {
			isa = PBXGroup;
			children = (
				DB620145288A61AC0026C0C3 /* Raleway-Bold.ttf */,
				DB620147288A61AC0026C0C3 /* Raleway-Medium.ttf */,
				DB620146288A61AC0026C0C3 /* Raleway-SemiBold.ttf */,
			);
			path = Fonts;
			sourceTree = "<group>";
		};
/* End PBXGroup section */

/* Begin PBXNativeTarget section */
		DB620128288A49A90026C0C3 /* Nano2 */ = {
			isa = PBXNativeTarget;
			buildConfigurationList = DB62013D288A49AA0026C0C3 /* Build configuration list for PBXNativeTarget "Nano2" */;
			buildPhases = (
				DB620125288A49A90026C0C3 /* Sources */,
				DB620126288A49A90026C0C3 /* Frameworks */,
				DB620127288A49A90026C0C3 /* Resources */,
			);
			buildRules = (
			);
			dependencies = (
			);
			name = Nano2;
			productName = Nano2;
			productReference = DB620129288A49A90026C0C3 /* Nano2.app */;
			productType = "com.apple.product-type.application";
		};
/* End PBXNativeTarget section */

/* Begin PBXProject section */
		DB620121288A49A90026C0C3 /* Project object */ = {
			isa = PBXProject;
			attributes = {
				BuildIndependentTargetsInParallel = 1;
				LastSwiftUpdateCheck = 1340;
				LastUpgradeCheck = 1340;
				TargetAttributes = {
					DB620128288A49A90026C0C3 = {
						CreatedOnToolsVersion = 13.4.1;
					};
				};
			};
			buildConfigurationList = DB620124288A49A90026C0C3 /* Build configuration list for PBXProject "Nano2" */;
			compatibilityVersion = "Xcode 13.0";
			developmentRegion = en;
			hasScannedForEncodings = 0;
			knownRegions = (
				en,
				Base,
			);
			mainGroup = DB620120288A49A90026C0C3;
			productRefGroup = DB62012A288A49A90026C0C3 /* Products */;
			projectDirPath = "";
			projectRoot = "";
			targets = (
				DB620128288A49A90026C0C3 /* Nano2 */,
			);
		};
/* End PBXProject section */

/* Begin PBXResourcesBuildPhase section */
		DB620127288A49A90026C0C3 /* Resources */ = {
			isa = PBXResourcesBuildPhase;
			buildActionMask = 2147483647;
			files = (
				DB620139288A49AA0026C0C3 /* LaunchScreen.storyboard in Resources */,
				DB62014A288A61AC0026C0C3 /* Raleway-Medium.ttf in Resources */,
				DB620136288A49AA0026C0C3 /* Assets.xcassets in Resources */,
				DB620134288A49A90026C0C3 /* Main.storyboard in Resources */,
				DB620148288A61AC0026C0C3 /* Raleway-Bold.ttf in Resources */,
				DB620149288A61AC0026C0C3 /* Raleway-SemiBold.ttf in Resources */,
			);
			runOnlyForDeploymentPostprocessing = 0;
		};
/* End PBXResourcesBuildPhase section */

/* Begin PBXSourcesBuildPhase section */
		DB620125288A49A90026C0C3 /* Sources */ = {
			isa = PBXSourcesBuildPhase;
			buildActionMask = 2147483647;
			files = (
				DB620143288A60D00026C0C3 /* Extensions.swift in Sources */,
				DB620131288A49A90026C0C3 /* FirstDownloadView.swift in Sources */,
				DB62012D288A49A90026C0C3 /* AppDelegate.swift in Sources */,
				DB620142288A60D00026C0C3 /* Utilities.swift in Sources */,
				DB62012F288A49A90026C0C3 /* SceneDelegate.swift in Sources */,
			);
			runOnlyForDeploymentPostprocessing = 0;
		};
/* End PBXSourcesBuildPhase section */

/* Begin PBXVariantGroup section */
		DB620132288A49A90026C0C3 /* Main.storyboard */ = {
			isa = PBXVariantGroup;
			children = (
				DB620133288A49A90026C0C3 /* Base */,
			);
			name = Main.storyboard;
			sourceTree = "<group>";
		};
		DB620137288A49AA0026C0C3 /* LaunchScreen.storyboard */ = {
			isa = PBXVariantGroup;
			children = (
				DB620138288A49AA0026C0C3 /* Base */,
			);
			name = LaunchScreen.storyboard;
			sourceTree = "<group>";
		};
/* End PBXVariantGroup section */

/* Begin XCBuildConfiguration section */
		DB62013B288A49AA0026C0C3 /* Debug */ = {
			isa = XCBuildConfiguration;
			buildSettings = {
				ALWAYS_SEARCH_USER_PATHS = NO;
				CLANG_ANALYZER_NONNULL = YES;
				CLANG_ANALYZER_NUMBER_OBJECT_CONVERSION = YES_AGGRESSIVE;
				CLANG_CXX_LANGUAGE_STANDARD = "gnu++17";
				CLANG_ENABLE_MODULES = YES;
				CLANG_ENABLE_OBJC_ARC = YES;
				CLANG_ENABLE_OBJC_WEAK = YES;
				CLANG_WARN_BLOCK_CAPTURE_AUTORELEASING = YES;
				CLANG_WARN_BOOL_CONVERSION = YES;
				CLANG_WARN_COMMA = YES;
				CLANG_WARN_CONSTANT_CONVERSION = YES;
				CLANG_WARN_DEPRECATED_OBJC_IMPLEMENTATIONS = YES;
				CLANG_WARN_DIRECT_OBJC_ISA_USAGE = YES_ERROR;
				CLANG_WARN_DOCUMENTATION_COMMENTS = YES;
				CLANG_WARN_EMPTY_BODY = YES;
				CLANG_WARN_ENUM_CONVERSION = YES;
				CLANG_WARN_INFINITE_RECURSION = YES;
				CLANG_WARN_INT_CONVERSION = YES;
				CLANG_WARN_NON_LITERAL_NULL_CONVERSION = YES;
				CLANG_WARN_OBJC_IMPLICIT_RETAIN_SELF = YES;
				CLANG_WARN_OBJC_LITERAL_CONVERSION = YES;
				CLANG_WARN_OBJC_ROOT_CLASS = YES_ERROR;
				CLANG_WARN_QUOTED_INCLUDE_IN_FRAMEWORK_HEADER = YES;
				CLANG_WARN_RANGE_LOOP_ANALYSIS = YES;
				CLANG_WARN_STRICT_PROTOTYPES = YES;
				CLANG_WARN_SUSPICIOUS_MOVE = YES;
				CLANG_WARN_UNGUARDED_AVAILABILITY = YES_AGGRESSIVE;
				CLANG_WARN_UNREACHABLE_CODE = YES;
				CLANG_WARN__DUPLICATE_METHOD_MATCH = YES;
				COPY_PHASE_STRIP = NO;
				DEBUG_INFORMATION_FORMAT = dwarf;
				ENABLE_STRICT_OBJC_MSGSEND = YES;
				ENABLE_TESTABILITY = YES;
				GCC_C_LANGUAGE_STANDARD = gnu11;
				GCC_DYNAMIC_NO_PIC = NO;
				GCC_NO_COMMON_BLOCKS = YES;
				GCC_OPTIMIZATION_LEVEL = 0;
				GCC_PREPROCESSOR_DEFINITIONS = (
					"DEBUG=1",
					"$(inherited)",
				);
				GCC_WARN_64_TO_32_BIT_CONVERSION = YES;
				GCC_WARN_ABOUT_RETURN_TYPE = YES_ERROR;
				GCC_WARN_UNDECLARED_SELECTOR = YES;
				GCC_WARN_UNINITIALIZED_AUTOS = YES_AGGRESSIVE;
				GCC_WARN_UNUSED_FUNCTION = YES;
				GCC_WARN_UNUSED_VARIABLE = YES;
				IPHONEOS_DEPLOYMENT_TARGET = 15.5;
				MTL_ENABLE_DEBUG_INFO = INCLUDE_SOURCE;
				MTL_FAST_MATH = YES;
				ONLY_ACTIVE_ARCH = YES;
				SDKROOT = iphoneos;
				SWIFT_ACTIVE_COMPILATION_CONDITIONS = DEBUG;
				SWIFT_OPTIMIZATION_LEVEL = "-Onone";
			};
			name = Debug;
		};
		DB62013C288A49AA0026C0C3 /* Release */ = {
			isa = XCBuildConfiguration;
			buildSettings = {
				ALWAYS_SEARCH_USER_PATHS = NO;
				CLANG_ANALYZER_NONNULL = YES;
				CLANG_ANALYZER_NUMBER_OBJECT_CONVERSION = YES_AGGRESSIVE;
				CLANG_CXX_LANGUAGE_STANDARD = "gnu++17";
				CLANG_ENABLE_MODULES = YES;
				CLANG_ENABLE_OBJC_ARC = YES;
				CLANG_ENABLE_OBJC_WEAK = YES;
				CLANG_WARN_BLOCK_CAPTURE_AUTORELEASING = YES;
				CLANG_WARN_BOOL_CONVERSION = YES;
				CLANG_WARN_COMMA = YES;
				CLANG_WARN_CONSTANT_CONVERSION = YES;
				CLANG_WARN_DEPRECATED_OBJC_IMPLEMENTATIONS = YES;
				CLANG_WARN_DIRECT_OBJC_ISA_USAGE = YES_ERROR;
				CLANG_WARN_DOCUMENTATION_COMMENTS = YES;
				CLANG_WARN_EMPTY_BODY = YES;
				CLANG_WARN_ENUM_CONVERSION = YES;
				CLANG_WARN_INFINITE_RECURSION = YES;
				CLANG_WARN_INT_CONVERSION = YES;
				CLANG_WARN_NON_LITERAL_NULL_CONVERSION = YES;
				CLANG_WARN_OBJC_IMPLICIT_RETAIN_SELF = YES;
				CLANG_WARN_OBJC_LITERAL_CONVERSION = YES;
				CLANG_WARN_OBJC_ROOT_CLASS = YES_ERROR;
				CLANG_WARN_QUOTED_INCLUDE_IN_FRAMEWORK_HEADER = YES;
				CLANG_WARN_RANGE_LOOP_ANALYSIS = YES;
				CLANG_WARN_STRICT_PROTOTYPES = YES;
				CLANG_WARN_SUSPICIOUS_MOVE = YES;
				CLANG_WARN_UNGUARDED_AVAILABILITY = YES_AGGRESSIVE;
				CLANG_WARN_UNREACHABLE_CODE = YES;
				CLANG_WARN__DUPLICATE_METHOD_MATCH = YES;
				COPY_PHASE_STRIP = NO;
				DEBUG_INFORMATION_FORMAT = "dwarf-with-dsym";
				ENABLE_NS_ASSERTIONS = NO;
				ENABLE_STRICT_OBJC_MSGSEND = YES;
				GCC_C_LANGUAGE_STANDARD = gnu11;
				GCC_NO_COMMON_BLOCKS = YES;
				GCC_WARN_64_TO_32_BIT_CONVERSION = YES;
				GCC_WARN_ABOUT_RETURN_TYPE = YES_ERROR;
				GCC_WARN_UNDECLARED_SELECTOR = YES;
				GCC_WARN_UNINITIALIZED_AUTOS = YES_AGGRESSIVE;
				GCC_WARN_UNUSED_FUNCTION = YES;
				GCC_WARN_UNUSED_VARIABLE = YES;
				IPHONEOS_DEPLOYMENT_TARGET = 15.5;
				MTL_ENABLE_DEBUG_INFO = NO;
				MTL_FAST_MATH = YES;
				SDKROOT = iphoneos;
				SWIFT_COMPILATION_MODE = wholemodule;
				SWIFT_OPTIMIZATION_LEVEL = "-O";
				VALIDATE_PRODUCT = YES;
			};
			name = Release;
		};
		DB62013E288A49AA0026C0C3 /* Debug */ = {
			isa = XCBuildConfiguration;
			buildSettings = {
				ASSETCATALOG_COMPILER_APPICON_NAME = AppIcon;
				ASSETCATALOG_COMPILER_GLOBAL_ACCENT_COLOR_NAME = AccentColor;
				CODE_SIGN_STYLE = Automatic;
				CURRENT_PROJECT_VERSION = 1;
				DEVELOPMENT_TEAM = L7SMRXB5WV;
				GENERATE_INFOPLIST_FILE = YES;
				INFOPLIST_FILE = Nano2/Info.plist;
				INFOPLIST_KEY_UIApplicationSupportsIndirectInputEvents = YES;
				INFOPLIST_KEY_UILaunchStoryboardName = LaunchScreen;
				INFOPLIST_KEY_UIMainStoryboardFile = Main;
				INFOPLIST_KEY_UISupportedInterfaceOrientations_iPad = "UIInterfaceOrientationPortrait UIInterfaceOrientationPortraitUpsideDown UIInterfaceOrientationLandscapeLeft UIInterfaceOrientationLandscapeRight";
				INFOPLIST_KEY_UISupportedInterfaceOrientations_iPhone = "UIInterfaceOrientationPortrait UIInterfaceOrientationLandscapeLeft UIInterfaceOrientationLandscapeRight";
				LD_RUNPATH_SEARCH_PATHS = (
					"$(inherited)",
					"@executable_path/Frameworks",
				);
				MARKETING_VERSION = 1.0;
				PRODUCT_BUNDLE_IDENTIFIER = com.ADA.Nano2;
				PRODUCT_NAME = "$(TARGET_NAME)";
				SWIFT_EMIT_LOC_STRINGS = YES;
				SWIFT_VERSION = 5.0;
				TARGETED_DEVICE_FAMILY = "1,2";
			};
			name = Debug;
		};
		DB62013F288A49AA0026C0C3 /* Release */ = {
			isa = XCBuildConfiguration;
			buildSettings = {
				ASSETCATALOG_COMPILER_APPICON_NAME = AppIcon;
				ASSETCATALOG_COMPILER_GLOBAL_ACCENT_COLOR_NAME = AccentColor;
				CODE_SIGN_STYLE = Automatic;
				CURRENT_PROJECT_VERSION = 1;
				DEVELOPMENT_TEAM = L7SMRXB5WV;
				GENERATE_INFOPLIST_FILE = YES;
				INFOPLIST_FILE = Nano2/Info.plist;
				INFOPLIST_KEY_UIApplicationSupportsIndirectInputEvents = YES;
				INFOPLIST_KEY_UILaunchStoryboardName = LaunchScreen;
				INFOPLIST_KEY_UIMainStoryboardFile = Main;
				INFOPLIST_KEY_UISupportedInterfaceOrientations_iPad = "UIInterfaceOrientationPortrait UIInterfaceOrientationPortraitUpsideDown UIInterfaceOrientationLandscapeLeft UIInterfaceOrientationLandscapeRight";
				INFOPLIST_KEY_UISupportedInterfaceOrientations_iPhone = "UIInterfaceOrientationPortrait UIInterfaceOrientationLandscapeLeft UIInterfaceOrientationLandscapeRight";
				LD_RUNPATH_SEARCH_PATHS = (
					"$(inherited)",
					"@executable_path/Frameworks",
				);
				MARKETING_VERSION = 1.0;
				PRODUCT_BUNDLE_IDENTIFIER = com.ADA.Nano2;
				PRODUCT_NAME = "$(TARGET_NAME)";
				SWIFT_EMIT_LOC_STRINGS = YES;
				SWIFT_VERSION = 5.0;
				TARGETED_DEVICE_FAMILY = "1,2";
			};
			name = Release;
		};
/* End XCBuildConfiguration section */

/* Begin XCConfigurationList section */
		DB620124288A49A90026C0C3 /* Build configuration list for PBXProject "Nano2" */ = {
			isa = XCConfigurationList;
			buildConfigurations = (
				DB62013B288A49AA0026C0C3 /* Debug */,
				DB62013C288A49AA0026C0C3 /* Release */,
			);
			defaultConfigurationIsVisible = 0;
			defaultConfigurationName = Release;
		};
		DB62013D288A49AA0026C0C3 /* Build configuration list for PBXNativeTarget "Nano2" */ = {
			isa = XCConfigurationList;
			buildConfigurations = (
				DB62013E288A49AA0026C0C3 /* Debug */,
				DB62013F288A49AA0026C0C3 /* Release */,
			);
			defaultConfigurationIsVisible = 0;
			defaultConfigurationName = Release;
		};
/* End XCConfigurationList section */
	};
	rootObject = DB620121288A49A90026C0C3 /* Project object */;
}
