// !$*UTF8*$!
{
	archiveVersion = 1;
	classes = {
	};
	objectVersion = 55;
	objects = {

/* Begin PBXBuildFile section */
		DB054405288F93C200491B0F /* EmojiPickerVC.swift in Sources */ = {isa = PBXBuildFile; fileRef = DB054404288F93C200491B0F /* EmojiPickerVC.swift */; };
		DB054409288F978800491B0F /* EmojiContainerView.swift in Sources */ = {isa = PBXBuildFile; fileRef = DB054408288F978800491B0F /* EmojiContainerView.swift */; };
		DB114725288E8673002631C1 /* BeforeSendVC.swift in Sources */ = {isa = PBXBuildFile; fileRef = DB114724288E8673002631C1 /* BeforeSendVC.swift */; };
		DB114728288E90DA002631C1 /* SuccessSubmitVC.swift in Sources */ = {isa = PBXBuildFile; fileRef = DB114727288E90DA002631C1 /* SuccessSubmitVC.swift */; };
		DB11472A288E9251002631C1 /* FailedSubmitVC.swift in Sources */ = {isa = PBXBuildFile; fileRef = DB114729288E9251002631C1 /* FailedSubmitVC.swift */; };
		DB19B5ED288C71AD002EE3F1 /* FirstSetupVC.swift in Sources */ = {isa = PBXBuildFile; fileRef = DB19B5EC288C71AD002EE3F1 /* FirstSetupVC.swift */; };
		DB209A3D2890FCB70098AAC7 /* DatabaseIDInputVC + Keyboard.swift in Sources */ = {isa = PBXBuildFile; fileRef = DB209A3C2890FCB70098AAC7 /* DatabaseIDInputVC + Keyboard.swift */; };
		DB209A3F289106F70098AAC7 /* RVibration.swift in Sources */ = {isa = PBXBuildFile; fileRef = DB209A3E289106F70098AAC7 /* RVibration.swift */; };
		DB209A41289107520098AAC7 /* RNotifications.swift in Sources */ = {isa = PBXBuildFile; fileRef = DB209A40289107520098AAC7 /* RNotifications.swift */; };
		DB209A45289109090098AAC7 /* IntegrationTokenInputVC + Keyboard.swift in Sources */ = {isa = PBXBuildFile; fileRef = DB209A44289109090098AAC7 /* IntegrationTokenInputVC + Keyboard.swift */; };
		DB209A48289109760098AAC7 /* NotificationSetup + Alert.swift in Sources */ = {isa = PBXBuildFile; fileRef = DB209A47289109760098AAC7 /* NotificationSetup + Alert.swift */; };
		DB209A4B289109B70098AAC7 /* TitleInputVC + Keyboard.swift in Sources */ = {isa = PBXBuildFile; fileRef = DB209A4A289109B70098AAC7 /* TitleInputVC + Keyboard.swift */; };
		DB209A4E28910A120098AAC7 /* BodyInputVC + Keyboard.swift in Sources */ = {isa = PBXBuildFile; fileRef = DB209A4D28910A120098AAC7 /* BodyInputVC + Keyboard.swift */; };
		DB2129F4288DB6EC00EC6413 /* FinishSetupVC.swift in Sources */ = {isa = PBXBuildFile; fileRef = DB2129F3288DB6EC00EC6413 /* FinishSetupVC.swift */; };
		DB2129F7288DB9D600EC6413 /* TitleInputVC.swift in Sources */ = {isa = PBXBuildFile; fileRef = DB2129F6288DB9D600EC6413 /* TitleInputVC.swift */; };
		DB2DD7A4288D4D4900FDC70F /* IntegrationTokenInputVC.swift in Sources */ = {isa = PBXBuildFile; fileRef = DB2DD7A3288D4D4900FDC70F /* IntegrationTokenInputVC.swift */; };
		DB2DD7A7288D60BD00FDC70F /* DatabaseIDInputVC.swift in Sources */ = {isa = PBXBuildFile; fileRef = DB2DD7A6288D60BD00FDC70F /* DatabaseIDInputVC.swift */; };
		DB34913C28D42D980035951C /* SnapKit in Frameworks */ = {isa = PBXBuildFile; productRef = DB34913B28D42D980035951C /* SnapKit */; };
		DB62012D288A49A90026C0C3 /* AppDelegate.swift in Sources */ = {isa = PBXBuildFile; fileRef = DB62012C288A49A90026C0C3 /* AppDelegate.swift */; };
		DB62012F288A49A90026C0C3 /* SceneDelegate.swift in Sources */ = {isa = PBXBuildFile; fileRef = DB62012E288A49A90026C0C3 /* SceneDelegate.swift */; };
		DB620131288A49A90026C0C3 /* FirstDownloadVC.swift in Sources */ = {isa = PBXBuildFile; fileRef = DB620130288A49A90026C0C3 /* FirstDownloadVC.swift */; };
		DB620134288A49A90026C0C3 /* Main.storyboard in Resources */ = {isa = PBXBuildFile; fileRef = DB620132288A49A90026C0C3 /* Main.storyboard */; };
		DB620136288A49AA0026C0C3 /* Assets.xcassets in Resources */ = {isa = PBXBuildFile; fileRef = DB620135288A49AA0026C0C3 /* Assets.xcassets */; };
		DB620139288A49AA0026C0C3 /* LaunchScreen.storyboard in Resources */ = {isa = PBXBuildFile; fileRef = DB620137288A49AA0026C0C3 /* LaunchScreen.storyboard */; };
		DB620143288A60D00026C0C3 /* Extensions.swift in Sources */ = {isa = PBXBuildFile; fileRef = DB620141288A60D00026C0C3 /* Extensions.swift */; };
		DB620148288A61AC0026C0C3 /* Raleway-Bold.ttf in Resources */ = {isa = PBXBuildFile; fileRef = DB620145288A61AC0026C0C3 /* Raleway-Bold.ttf */; };
		DB620149288A61AC0026C0C3 /* Raleway-SemiBold.ttf in Resources */ = {isa = PBXBuildFile; fileRef = DB620146288A61AC0026C0C3 /* Raleway-SemiBold.ttf */; };
		DB62014A288A61AC0026C0C3 /* Raleway-Medium.ttf in Resources */ = {isa = PBXBuildFile; fileRef = DB620147288A61AC0026C0C3 /* Raleway-Medium.ttf */; };
		DB7F99B1288E42DB00649211 /* OnboardingManager.swift in Sources */ = {isa = PBXBuildFile; fileRef = DB7F99B0288E42DB00649211 /* OnboardingManager.swift */; };
		DB7F99B4288E543D00649211 /* SettingsVC.swift in Sources */ = {isa = PBXBuildFile; fileRef = DB7F99B3288E543D00649211 /* SettingsVC.swift */; };
		DB7F99B6288E5E0800649211 /* BodyInputVC.swift in Sources */ = {isa = PBXBuildFile; fileRef = DB7F99B5288E5E0800649211 /* BodyInputVC.swift */; };
		DB7F99B8288E5F0900649211 /* RTextView.swift in Sources */ = {isa = PBXBuildFile; fileRef = DB7F99B7288E5F0900649211 /* RTextView.swift */; };
		DB90316E28EE88BF00B79909 /* IQKeyboardManagerSwift in Frameworks */ = {isa = PBXBuildFile; productRef = DB90316D28EE88BF00B79909 /* IQKeyboardManagerSwift */; };
		DB979DE3288D13C900EEEA43 /* SetupModel.swift in Sources */ = {isa = PBXBuildFile; fileRef = DB979DE2288D13C900EEEA43 /* SetupModel.swift */; };
		DB979DE7288D199600EEEA43 /* SecondSetupVC.swift in Sources */ = {isa = PBXBuildFile; fileRef = DB979DE6288D199600EEEA43 /* SecondSetupVC.swift */; };
		DBAFAF2728938308000F80B9 /* BeforeSendVC + Extensions.swift in Sources */ = {isa = PBXBuildFile; fileRef = DBAFAF2628938308000F80B9 /* BeforeSendVC + Extensions.swift */; };
		DBAFFC0D28D4D897000FD3E2 /* FailedSubmitVC + Keyboard.swift in Sources */ = {isa = PBXBuildFile; fileRef = DBAFFC0C28D4D897000FD3E2 /* FailedSubmitVC + Keyboard.swift */; };
		DBAFFC0F28D4D909000FD3E2 /* SettingsVC + Keyboard.swift in Sources */ = {isa = PBXBuildFile; fileRef = DBAFFC0E28D4D909000FD3E2 /* SettingsVC + Keyboard.swift */; };
		DBBEE79A288EB695002109B0 /* Helper.swift in Sources */ = {isa = PBXBuildFile; fileRef = DBBEE799288EB695002109B0 /* Helper.swift */; };
		DBBEE79C288EC27D002109B0 /* ReflectionsModel.swift in Sources */ = {isa = PBXBuildFile; fileRef = DBBEE79B288EC27D002109B0 /* ReflectionsModel.swift */; };
		DBCEFCA1288D95A00076E011 /* RTextField.swift in Sources */ = {isa = PBXBuildFile; fileRef = DBCEFCA0288D95A00076E011 /* RTextField.swift */; };
		DBCEFCA3288D97830076E011 /* RLabel.swift in Sources */ = {isa = PBXBuildFile; fileRef = DBCEFCA2288D97830076E011 /* RLabel.swift */; };
		DBCEFCA5288D9D080076E011 /* NotificationSetupVC.swift in Sources */ = {isa = PBXBuildFile; fileRef = DBCEFCA4288D9D080076E011 /* NotificationSetupVC.swift */; };
		DBEA85AC288BE01C0036BAB8 /* RTButton.swift in Sources */ = {isa = PBXBuildFile; fileRef = DBEA85AB288BE01C0036BAB8 /* RTButton.swift */; };
/* End PBXBuildFile section */

/* Begin PBXFileReference section */
		DB054404288F93C200491B0F /* EmojiPickerVC.swift */ = {isa = PBXFileReference; lastKnownFileType = sourcecode.swift; path = EmojiPickerVC.swift; sourceTree = "<group>"; };
		DB054408288F978800491B0F /* EmojiContainerView.swift */ = {isa = PBXFileReference; lastKnownFileType = sourcecode.swift; path = EmojiContainerView.swift; sourceTree = "<group>"; };
		DB114724288E8673002631C1 /* BeforeSendVC.swift */ = {isa = PBXFileReference; lastKnownFileType = sourcecode.swift; path = BeforeSendVC.swift; sourceTree = "<group>"; };
		DB114727288E90DA002631C1 /* SuccessSubmitVC.swift */ = {isa = PBXFileReference; lastKnownFileType = sourcecode.swift; path = SuccessSubmitVC.swift; sourceTree = "<group>"; };
		DB114729288E9251002631C1 /* FailedSubmitVC.swift */ = {isa = PBXFileReference; lastKnownFileType = sourcecode.swift; path = FailedSubmitVC.swift; sourceTree = "<group>"; };
		DB19B5EC288C71AD002EE3F1 /* FirstSetupVC.swift */ = {isa = PBXFileReference; lastKnownFileType = sourcecode.swift; path = FirstSetupVC.swift; sourceTree = "<group>"; };
		DB209A3C2890FCB70098AAC7 /* DatabaseIDInputVC + Keyboard.swift */ = {isa = PBXFileReference; lastKnownFileType = sourcecode.swift; path = "DatabaseIDInputVC + Keyboard.swift"; sourceTree = "<group>"; };
		DB209A3E289106F70098AAC7 /* RVibration.swift */ = {isa = PBXFileReference; lastKnownFileType = sourcecode.swift; path = RVibration.swift; sourceTree = "<group>"; };
		DB209A40289107520098AAC7 /* RNotifications.swift */ = {isa = PBXFileReference; lastKnownFileType = sourcecode.swift; path = RNotifications.swift; sourceTree = "<group>"; };
		DB209A44289109090098AAC7 /* IntegrationTokenInputVC + Keyboard.swift */ = {isa = PBXFileReference; lastKnownFileType = sourcecode.swift; path = "IntegrationTokenInputVC + Keyboard.swift"; sourceTree = "<group>"; };
		DB209A47289109760098AAC7 /* NotificationSetup + Alert.swift */ = {isa = PBXFileReference; lastKnownFileType = sourcecode.swift; path = "NotificationSetup + Alert.swift"; sourceTree = "<group>"; };
		DB209A4A289109B70098AAC7 /* TitleInputVC + Keyboard.swift */ = {isa = PBXFileReference; lastKnownFileType = sourcecode.swift; path = "TitleInputVC + Keyboard.swift"; sourceTree = "<group>"; };
		DB209A4D28910A120098AAC7 /* BodyInputVC + Keyboard.swift */ = {isa = PBXFileReference; lastKnownFileType = sourcecode.swift; path = "BodyInputVC + Keyboard.swift"; sourceTree = "<group>"; };
		DB2129F3288DB6EC00EC6413 /* FinishSetupVC.swift */ = {isa = PBXFileReference; lastKnownFileType = sourcecode.swift; path = FinishSetupVC.swift; sourceTree = "<group>"; };
		DB2129F6288DB9D600EC6413 /* TitleInputVC.swift */ = {isa = PBXFileReference; lastKnownFileType = sourcecode.swift; path = TitleInputVC.swift; sourceTree = "<group>"; };
		DB2DD7A3288D4D4900FDC70F /* IntegrationTokenInputVC.swift */ = {isa = PBXFileReference; lastKnownFileType = sourcecode.swift; path = IntegrationTokenInputVC.swift; sourceTree = "<group>"; };
		DB2DD7A6288D60BD00FDC70F /* DatabaseIDInputVC.swift */ = {isa = PBXFileReference; lastKnownFileType = sourcecode.swift; path = DatabaseIDInputVC.swift; sourceTree = "<group>"; };
		DB620129288A49A90026C0C3 /* Nano2.app */ = {isa = PBXFileReference; explicitFileType = wrapper.application; includeInIndex = 0; path = Nano2.app; sourceTree = BUILT_PRODUCTS_DIR; };
		DB62012C288A49A90026C0C3 /* AppDelegate.swift */ = {isa = PBXFileReference; lastKnownFileType = sourcecode.swift; path = AppDelegate.swift; sourceTree = "<group>"; };
		DB62012E288A49A90026C0C3 /* SceneDelegate.swift */ = {isa = PBXFileReference; lastKnownFileType = sourcecode.swift; path = SceneDelegate.swift; sourceTree = "<group>"; };
		DB620130288A49A90026C0C3 /* FirstDownloadVC.swift */ = {isa = PBXFileReference; lastKnownFileType = sourcecode.swift; path = FirstDownloadVC.swift; sourceTree = "<group>"; };
		DB620133288A49A90026C0C3 /* Base */ = {isa = PBXFileReference; lastKnownFileType = file.storyboard; name = Base; path = Base.lproj/Main.storyboard; sourceTree = "<group>"; };
		DB620135288A49AA0026C0C3 /* Assets.xcassets */ = {isa = PBXFileReference; lastKnownFileType = folder.assetcatalog; path = Assets.xcassets; sourceTree = "<group>"; };
		DB620138288A49AA0026C0C3 /* Base */ = {isa = PBXFileReference; lastKnownFileType = file.storyboard; name = Base; path = Base.lproj/LaunchScreen.storyboard; sourceTree = "<group>"; };
		DB62013A288A49AA0026C0C3 /* Info.plist */ = {isa = PBXFileReference; lastKnownFileType = text.plist.xml; path = Info.plist; sourceTree = "<group>"; };
		DB620141288A60D00026C0C3 /* Extensions.swift */ = {isa = PBXFileReference; fileEncoding = 4; lastKnownFileType = sourcecode.swift; path = Extensions.swift; sourceTree = "<group>"; };
		DB620145288A61AC0026C0C3 /* Raleway-Bold.ttf */ = {isa = PBXFileReference; lastKnownFileType = file; path = "Raleway-Bold.ttf"; sourceTree = "<group>"; };
		DB620146288A61AC0026C0C3 /* Raleway-SemiBold.ttf */ = {isa = PBXFileReference; lastKnownFileType = file; path = "Raleway-SemiBold.ttf"; sourceTree = "<group>"; };
		DB620147288A61AC0026C0C3 /* Raleway-Medium.ttf */ = {isa = PBXFileReference; lastKnownFileType = file; path = "Raleway-Medium.ttf"; sourceTree = "<group>"; };
		DB7F99B0288E42DB00649211 /* OnboardingManager.swift */ = {isa = PBXFileReference; fileEncoding = 4; lastKnownFileType = sourcecode.swift; path = OnboardingManager.swift; sourceTree = "<group>"; };
		DB7F99B3288E543D00649211 /* SettingsVC.swift */ = {isa = PBXFileReference; lastKnownFileType = sourcecode.swift; path = SettingsVC.swift; sourceTree = "<group>"; };
		DB7F99B5288E5E0800649211 /* BodyInputVC.swift */ = {isa = PBXFileReference; lastKnownFileType = sourcecode.swift; path = BodyInputVC.swift; sourceTree = "<group>"; };
		DB7F99B7288E5F0900649211 /* RTextView.swift */ = {isa = PBXFileReference; lastKnownFileType = sourcecode.swift; path = RTextView.swift; sourceTree = "<group>"; };
		DB979DE2288D13C900EEEA43 /* SetupModel.swift */ = {isa = PBXFileReference; lastKnownFileType = sourcecode.swift; path = SetupModel.swift; sourceTree = "<group>"; };
		DB979DE6288D199600EEEA43 /* SecondSetupVC.swift */ = {isa = PBXFileReference; lastKnownFileType = sourcecode.swift; path = SecondSetupVC.swift; sourceTree = "<group>"; };
		DBAFAF2628938308000F80B9 /* BeforeSendVC + Extensions.swift */ = {isa = PBXFileReference; lastKnownFileType = sourcecode.swift; path = "BeforeSendVC + Extensions.swift"; sourceTree = "<group>"; };
		DBAFFC0C28D4D897000FD3E2 /* FailedSubmitVC + Keyboard.swift */ = {isa = PBXFileReference; lastKnownFileType = sourcecode.swift; path = "FailedSubmitVC + Keyboard.swift"; sourceTree = "<group>"; };
		DBAFFC0E28D4D909000FD3E2 /* SettingsVC + Keyboard.swift */ = {isa = PBXFileReference; lastKnownFileType = sourcecode.swift; path = "SettingsVC + Keyboard.swift"; sourceTree = "<group>"; };
		DBBEE799288EB695002109B0 /* Helper.swift */ = {isa = PBXFileReference; lastKnownFileType = sourcecode.swift; path = Helper.swift; sourceTree = "<group>"; };
		DBBEE79B288EC27D002109B0 /* ReflectionsModel.swift */ = {isa = PBXFileReference; lastKnownFileType = sourcecode.swift; path = ReflectionsModel.swift; sourceTree = "<group>"; };
		DBCEFCA0288D95A00076E011 /* RTextField.swift */ = {isa = PBXFileReference; lastKnownFileType = sourcecode.swift; path = RTextField.swift; sourceTree = "<group>"; };
		DBCEFCA2288D97830076E011 /* RLabel.swift */ = {isa = PBXFileReference; lastKnownFileType = sourcecode.swift; path = RLabel.swift; sourceTree = "<group>"; };
		DBCEFCA4288D9D080076E011 /* NotificationSetupVC.swift */ = {isa = PBXFileReference; lastKnownFileType = sourcecode.swift; path = NotificationSetupVC.swift; sourceTree = "<group>"; };
		DBEA85AB288BE01C0036BAB8 /* RTButton.swift */ = {isa = PBXFileReference; lastKnownFileType = sourcecode.swift; path = RTButton.swift; sourceTree = "<group>"; };
/* End PBXFileReference section */

/* Begin PBXFrameworksBuildPhase section */
		DB620126288A49A90026C0C3 /* Frameworks */ = {
			isa = PBXFrameworksBuildPhase;
			buildActionMask = 2147483647;
			files = (
				DB34913C28D42D980035951C /* SnapKit in Frameworks */,
				DB90316E28EE88BF00B79909 /* IQKeyboardManagerSwift in Frameworks */,
			);
			runOnlyForDeploymentPostprocessing = 0;
		};
/* End PBXFrameworksBuildPhase section */

/* Begin PBXGroup section */
		DB054406288F974C00491B0F /* Input View Controllers */ = {
			isa = PBXGroup;
			children = (
				DB209A49289109A80098AAC7 /* Title Input */,
				DB054407288F976C00491B0F /* Emoji Picker */,
				DB209A4C289109F80098AAC7 /* Body Input */,
				DBAFFC0628D4C9A6000FD3E2 /* Before Send Reflection */,
			);
			path = "Input View Controllers";
			sourceTree = "<group>";
		};
		DB054407288F976C00491B0F /* Emoji Picker */ = {
			isa = PBXGroup;
			children = (
				DB054408288F978800491B0F /* EmojiContainerView.swift */,
				DB054404288F93C200491B0F /* EmojiPickerVC.swift */,
			);
			path = "Emoji Picker";
			sourceTree = "<group>";
		};
		DB114726288E90BA002631C1 /* Response View Controller */ = {
			isa = PBXGroup;
			children = (
				DBAFFC0828D4D818000FD3E2 /* Success Submit Reflection */,
				DBAFFC0928D4D826000FD3E2 /* Failed Submit Reflection */,
			);
			path = "Response View Controller";
			sourceTree = "<group>";
		};
		DB209A46289109600098AAC7 /* Notification Setup */ = {
			isa = PBXGroup;
			children = (
				DBCEFCA4288D9D080076E011 /* NotificationSetupVC.swift */,
				DB209A47289109760098AAC7 /* NotificationSetup + Alert.swift */,
			);
			path = "Notification Setup";
			sourceTree = "<group>";
		};
		DB209A49289109A80098AAC7 /* Title Input */ = {
			isa = PBXGroup;
			children = (
				DB2129F6288DB9D600EC6413 /* TitleInputVC.swift */,
				DB209A4A289109B70098AAC7 /* TitleInputVC + Keyboard.swift */,
			);
			path = "Title Input";
			sourceTree = "<group>";
		};
		DB209A4C289109F80098AAC7 /* Body Input */ = {
			isa = PBXGroup;
			children = (
				DB7F99B5288E5E0800649211 /* BodyInputVC.swift */,
				DB209A4D28910A120098AAC7 /* BodyInputVC + Keyboard.swift */,
			);
			path = "Body Input";
			sourceTree = "<group>";
		};
		DB209A4F28910AF00098AAC7 /* Model */ = {
			isa = PBXGroup;
			children = (
				DBBEE79B288EC27D002109B0 /* ReflectionsModel.swift */,
			);
			path = Model;
			sourceTree = "<group>";
		};
		DB2129F5288DB9B900EC6413 /* Main Application */ = {
			isa = PBXGroup;
			children = (
				DB209A4F28910AF00098AAC7 /* Model */,
				DB2129FA288DC11D00EC6413 /* View */,
			);
			path = "Main Application";
			sourceTree = "<group>";
		};
		DB2129F8288DC0F900EC6413 /* Model */ = {
			isa = PBXGroup;
			children = (
				DB979DE2288D13C900EEEA43 /* SetupModel.swift */,
			);
			path = Model;
			sourceTree = "<group>";
		};
		DB2129F9288DC10700EC6413 /* View */ = {
			isa = PBXGroup;
			children = (
				DB620130288A49A90026C0C3 /* FirstDownloadVC.swift */,
				DB2DD7A5288D4EA500FDC70F /* Integration Token Setup  */,
				DB2DD7A8288D60C200FDC70F /* Database ID Setup */,
				DB209A46289109600098AAC7 /* Notification Setup */,
				DB2129F3288DB6EC00EC6413 /* FinishSetupVC.swift */,
			);
			path = View;
			sourceTree = "<group>";
		};
		DB2129FA288DC11D00EC6413 /* View */ = {
			isa = PBXGroup;
			children = (
				DB054406288F974C00491B0F /* Input View Controllers */,
				DB114726288E90BA002631C1 /* Response View Controller */,
				DBAFFC0728D4D809000FD3E2 /* Settings View Controller */,
			);
			path = View;
			sourceTree = "<group>";
		};
		DB2DD7A5288D4EA500FDC70F /* Integration Token Setup  */ = {
			isa = PBXGroup;
			children = (
				DB19B5EC288C71AD002EE3F1 /* FirstSetupVC.swift */,
				DB2DD7A3288D4D4900FDC70F /* IntegrationTokenInputVC.swift */,
				DB209A44289109090098AAC7 /* IntegrationTokenInputVC + Keyboard.swift */,
			);
			path = "Integration Token Setup ";
			sourceTree = "<group>";
		};
		DB2DD7A8288D60C200FDC70F /* Database ID Setup */ = {
			isa = PBXGroup;
			children = (
				DB979DE6288D199600EEEA43 /* SecondSetupVC.swift */,
				DB2DD7A6288D60BD00FDC70F /* DatabaseIDInputVC.swift */,
				DB209A3C2890FCB70098AAC7 /* DatabaseIDInputVC + Keyboard.swift */,
			);
			path = "Database ID Setup";
			sourceTree = "<group>";
		};
		DB620120288A49A90026C0C3 = {
			isa = PBXGroup;
			children = (
				DB62012B288A49A90026C0C3 /* Nano2 */,
				DB62012A288A49A90026C0C3 /* Products */,
			);
			sourceTree = "<group>";
		};
		DB62012A288A49A90026C0C3 /* Products */ = {
			isa = PBXGroup;
			children = (
				DB620129288A49A90026C0C3 /* Nano2.app */,
			);
			name = Products;
			sourceTree = "<group>";
		};
		DB62012B288A49A90026C0C3 /* Nano2 */ = {
			isa = PBXGroup;
			children = (
				DB62012C288A49A90026C0C3 /* AppDelegate.swift */,
				DB62012E288A49A90026C0C3 /* SceneDelegate.swift */,
				DB979DE4288D13D500EEEA43 /* Setup Phase */,
				DB2129F5288DB9B900EC6413 /* Main Application */,
				DB620144288A60D40026C0C3 /* Utilities */,
				DB979DE5288D13E400EEEA43 /* Storyboard */,
				DB62014B288A61B10026C0C3 /* Fonts */,
				DB620135288A49AA0026C0C3 /* Assets.xcassets */,
				DB62013A288A49AA0026C0C3 /* Info.plist */,
			);
			path = Nano2;
			sourceTree = "<group>";
		};
		DB620144288A60D40026C0C3 /* Utilities */ = {
			isa = PBXGroup;
			children = (
				DBBEE799288EB695002109B0 /* Helper.swift */,
				DB7F99B0288E42DB00649211 /* OnboardingManager.swift */,
				DB620141288A60D00026C0C3 /* Extensions.swift */,
				DB209A3E289106F70098AAC7 /* RVibration.swift */,
				DB209A40289107520098AAC7 /* RNotifications.swift */,
				DBBEE798288EB67F002109B0 /* Custom Assets */,
			);
			path = Utilities;
			sourceTree = "<group>";
		};
		DB62014B288A61B10026C0C3 /* Fonts */ = {
			isa = PBXGroup;
			children = (
				DB620145288A61AC0026C0C3 /* Raleway-Bold.ttf */,
				DB620147288A61AC0026C0C3 /* Raleway-Medium.ttf */,
				DB620146288A61AC0026C0C3 /* Raleway-SemiBold.ttf */,
			);
			path = Fonts;
			sourceTree = "<group>";
		};
		DB979DE4288D13D500EEEA43 /* Setup Phase */ = {
			isa = PBXGroup;
			children = (
				DB2129F8288DC0F900EC6413 /* Model */,
				DB2129F9288DC10700EC6413 /* View */,
			);
			path = "Setup Phase";
			sourceTree = "<group>";
		};
		DB979DE5288D13E400EEEA43 /* Storyboard */ = {
			isa = PBXGroup;
			children = (
				DB620132288A49A90026C0C3 /* Main.storyboard */,
				DB620137288A49AA0026C0C3 /* LaunchScreen.storyboard */,
			);
			path = Storyboard;
			sourceTree = "<group>";
		};
		DBAFFC0628D4C9A6000FD3E2 /* Before Send Reflection */ = {
			isa = PBXGroup;
			children = (
				DB114724288E8673002631C1 /* BeforeSendVC.swift */,
				DBAFAF2628938308000F80B9 /* BeforeSendVC + Extensions.swift */,
			);
			path = "Before Send Reflection";
			sourceTree = "<group>";
		};
		DBAFFC0728D4D809000FD3E2 /* Settings View Controller */ = {
			isa = PBXGroup;
			children = (
				DB7F99B3288E543D00649211 /* SettingsVC.swift */,
				DBAFFC0E28D4D909000FD3E2 /* SettingsVC + Keyboard.swift */,
			);
			path = "Settings View Controller";
			sourceTree = "<group>";
		};
		DBAFFC0828D4D818000FD3E2 /* Success Submit Reflection */ = {
			isa = PBXGroup;
			children = (
				DB114727288E90DA002631C1 /* SuccessSubmitVC.swift */,
			);
			path = "Success Submit Reflection";
			sourceTree = "<group>";
		};
		DBAFFC0928D4D826000FD3E2 /* Failed Submit Reflection */ = {
			isa = PBXGroup;
			children = (
				DB114729288E9251002631C1 /* FailedSubmitVC.swift */,
				DBAFFC0C28D4D897000FD3E2 /* FailedSubmitVC + Keyboard.swift */,
			);
			path = "Failed Submit Reflection";
			sourceTree = "<group>";
		};
		DBBEE798288EB67F002109B0 /* Custom Assets */ = {
			isa = PBXGroup;
			children = (
				DBEA85AB288BE01C0036BAB8 /* RTButton.swift */,
				DBCEFCA0288D95A00076E011 /* RTextField.swift */,
				DBCEFCA2288D97830076E011 /* RLabel.swift */,
				DB7F99B7288E5F0900649211 /* RTextView.swift */,
			);
			path = "Custom Assets";
			sourceTree = "<group>";
		};
/* End PBXGroup section */

/* Begin PBXNativeTarget section */
		DB620128288A49A90026C0C3 /* Nano2 */ = {
			isa = PBXNativeTarget;
			buildConfigurationList = DB62013D288A49AA0026C0C3 /* Build configuration list for PBXNativeTarget "Nano2" */;
			buildPhases = (
				DB620125288A49A90026C0C3 /* Sources */,
				DB620126288A49A90026C0C3 /* Frameworks */,
				DB620127288A49A90026C0C3 /* Resources */,
			);
			buildRules = (
			);
			dependencies = (
			);
			name = Nano2;
			packageProductDependencies = (
				DB34913B28D42D980035951C /* SnapKit */,
				DB90316D28EE88BF00B79909 /* IQKeyboardManagerSwift */,
			);
			productName = Nano2;
			productReference = DB620129288A49A90026C0C3 /* Nano2.app */;
			productType = "com.apple.product-type.application";
		};
/* End PBXNativeTarget section */

/* Begin PBXProject section */
		DB620121288A49A90026C0C3 /* Project object */ = {
			isa = PBXProject;
			attributes = {
				BuildIndependentTargetsInParallel = 1;
				LastSwiftUpdateCheck = 1340;
				LastUpgradeCheck = 1340;
				TargetAttributes = {
					DB620128288A49A90026C0C3 = {
						CreatedOnToolsVersion = 13.4.1;
					};
				};
			};
			buildConfigurationList = DB620124288A49A90026C0C3 /* Build configuration list for PBXProject "Nano2" */;
			compatibilityVersion = "Xcode 13.0";
			developmentRegion = en;
			hasScannedForEncodings = 0;
			knownRegions = (
				en,
				Base,
			);
			mainGroup = DB620120288A49A90026C0C3;
			packageReferences = (
				DB34913A28D42D980035951C /* XCRemoteSwiftPackageReference "SnapKit" */,
				DB90316C28EE88BF00B79909 /* XCRemoteSwiftPackageReference "IQKeyboardManager" */,
			);
			productRefGroup = DB62012A288A49A90026C0C3 /* Products */;
			projectDirPath = "";
			projectRoot = "";
			targets = (
				DB620128288A49A90026C0C3 /* Nano2 */,
			);
		};
/* End PBXProject section */

/* Begin PBXResourcesBuildPhase section */
		DB620127288A49A90026C0C3 /* Resources */ = {
			isa = PBXResourcesBuildPhase;
			buildActionMask = 2147483647;
			files = (
				DB620139288A49AA0026C0C3 /* LaunchScreen.storyboard in Resources */,
				DB62014A288A61AC0026C0C3 /* Raleway-Medium.ttf in Resources */,
				DB620136288A49AA0026C0C3 /* Assets.xcassets in Resources */,
				DB620134288A49A90026C0C3 /* Main.storyboard in Resources */,
				DB620148288A61AC0026C0C3 /* Raleway-Bold.ttf in Resources */,
				DB620149288A61AC0026C0C3 /* Raleway-SemiBold.ttf in Resources */,
			);
			runOnlyForDeploymentPostprocessing = 0;
		};
/* End PBXResourcesBuildPhase section */

/* Begin PBXSourcesBuildPhase section */
		DB620125288A49A90026C0C3 /* Sources */ = {
			isa = PBXSourcesBuildPhase;
			buildActionMask = 2147483647;
			files = (
				DB620143288A60D00026C0C3 /* Extensions.swift in Sources */,
				DB054405288F93C200491B0F /* EmojiPickerVC.swift in Sources */,
				DB209A4B289109B70098AAC7 /* TitleInputVC + Keyboard.swift in Sources */,
				DB620131288A49A90026C0C3 /* FirstDownloadVC.swift in Sources */,
				DBEA85AC288BE01C0036BAB8 /* RTButton.swift in Sources */,
				DB62012D288A49A90026C0C3 /* AppDelegate.swift in Sources */,
				DB209A45289109090098AAC7 /* IntegrationTokenInputVC + Keyboard.swift in Sources */,
				DBAFAF2728938308000F80B9 /* BeforeSendVC + Extensions.swift in Sources */,
				DB7F99B1288E42DB00649211 /* OnboardingManager.swift in Sources */,
				DBCEFCA3288D97830076E011 /* RLabel.swift in Sources */,
				DB114725288E8673002631C1 /* BeforeSendVC.swift in Sources */,
				DB979DE3288D13C900EEEA43 /* SetupModel.swift in Sources */,
				DB2DD7A7288D60BD00FDC70F /* DatabaseIDInputVC.swift in Sources */,
				DB114728288E90DA002631C1 /* SuccessSubmitVC.swift in Sources */,
				DB209A3F289106F70098AAC7 /* RVibration.swift in Sources */,
				DBAFFC0F28D4D909000FD3E2 /* SettingsVC + Keyboard.swift in Sources */,
				DB209A3D2890FCB70098AAC7 /* DatabaseIDInputVC + Keyboard.swift in Sources */,
				DB7F99B8288E5F0900649211 /* RTextView.swift in Sources */,
				DB2129F7288DB9D600EC6413 /* TitleInputVC.swift in Sources */,
				DB979DE7288D199600EEEA43 /* SecondSetupVC.swift in Sources */,
				DB19B5ED288C71AD002EE3F1 /* FirstSetupVC.swift in Sources */,
				DB054409288F978800491B0F /* EmojiContainerView.swift in Sources */,
				DB209A41289107520098AAC7 /* RNotifications.swift in Sources */,
				DB2DD7A4288D4D4900FDC70F /* IntegrationTokenInputVC.swift in Sources */,
				DB209A48289109760098AAC7 /* NotificationSetup + Alert.swift in Sources */,
				DBCEFCA5288D9D080076E011 /* NotificationSetupVC.swift in Sources */,
				DB2129F4288DB6EC00EC6413 /* FinishSetupVC.swift in Sources */,
				DB11472A288E9251002631C1 /* FailedSubmitVC.swift in Sources */,
				DBBEE79C288EC27D002109B0 /* ReflectionsModel.swift in Sources */,
				DBAFFC0D28D4D897000FD3E2 /* FailedSubmitVC + Keyboard.swift in Sources */,
				DB62012F288A49A90026C0C3 /* SceneDelegate.swift in Sources */,
				DB209A4E28910A120098AAC7 /* BodyInputVC + Keyboard.swift in Sources */,
				DB7F99B6288E5E0800649211 /* BodyInputVC.swift in Sources */,
				DBCEFCA1288D95A00076E011 /* RTextField.swift in Sources */,
				DB7F99B4288E543D00649211 /* SettingsVC.swift in Sources */,
				DBBEE79A288EB695002109B0 /* Helper.swift in Sources */,
			);
			runOnlyForDeploymentPostprocessing = 0;
		};
/* End PBXSourcesBuildPhase section */

/* Begin PBXVariantGroup section */
		DB620132288A49A90026C0C3 /* Main.storyboard */ = {
			isa = PBXVariantGroup;
			children = (
				DB620133288A49A90026C0C3 /* Base */,
			);
			name = Main.storyboard;
			sourceTree = "<group>";
		};
		DB620137288A49AA0026C0C3 /* LaunchScreen.storyboard */ = {
			isa = PBXVariantGroup;
			children = (
				DB620138288A49AA0026C0C3 /* Base */,
			);
			name = LaunchScreen.storyboard;
			sourceTree = "<group>";
		};
/* End PBXVariantGroup section */

/* Begin XCBuildConfiguration section */
		DB62013B288A49AA0026C0C3 /* Debug */ = {
			isa = XCBuildConfiguration;
			buildSettings = {
				ALWAYS_SEARCH_USER_PATHS = NO;
				CLANG_ANALYZER_NONNULL = YES;
				CLANG_ANALYZER_NUMBER_OBJECT_CONVERSION = YES_AGGRESSIVE;
				CLANG_CXX_LANGUAGE_STANDARD = "gnu++17";
				CLANG_ENABLE_MODULES = YES;
				CLANG_ENABLE_OBJC_ARC = YES;
				CLANG_ENABLE_OBJC_WEAK = YES;
				CLANG_WARN_BLOCK_CAPTURE_AUTORELEASING = YES;
				CLANG_WARN_BOOL_CONVERSION = YES;
				CLANG_WARN_COMMA = YES;
				CLANG_WARN_CONSTANT_CONVERSION = YES;
				CLANG_WARN_DEPRECATED_OBJC_IMPLEMENTATIONS = YES;
				CLANG_WARN_DIRECT_OBJC_ISA_USAGE = YES_ERROR;
				CLANG_WARN_DOCUMENTATION_COMMENTS = YES;
				CLANG_WARN_EMPTY_BODY = YES;
				CLANG_WARN_ENUM_CONVERSION = YES;
				CLANG_WARN_INFINITE_RECURSION = YES;
				CLANG_WARN_INT_CONVERSION = YES;
				CLANG_WARN_NON_LITERAL_NULL_CONVERSION = YES;
				CLANG_WARN_OBJC_IMPLICIT_RETAIN_SELF = YES;
				CLANG_WARN_OBJC_LITERAL_CONVERSION = YES;
				CLANG_WARN_OBJC_ROOT_CLASS = YES_ERROR;
				CLANG_WARN_QUOTED_INCLUDE_IN_FRAMEWORK_HEADER = YES;
				CLANG_WARN_RANGE_LOOP_ANALYSIS = YES;
				CLANG_WARN_STRICT_PROTOTYPES = YES;
				CLANG_WARN_SUSPICIOUS_MOVE = YES;
				CLANG_WARN_UNGUARDED_AVAILABILITY = YES_AGGRESSIVE;
				CLANG_WARN_UNREACHABLE_CODE = YES;
				CLANG_WARN__DUPLICATE_METHOD_MATCH = YES;
				COPY_PHASE_STRIP = NO;
				DEBUG_INFORMATION_FORMAT = dwarf;
				ENABLE_STRICT_OBJC_MSGSEND = YES;
				ENABLE_TESTABILITY = YES;
				GCC_C_LANGUAGE_STANDARD = gnu11;
				GCC_DYNAMIC_NO_PIC = NO;
				GCC_NO_COMMON_BLOCKS = YES;
				GCC_OPTIMIZATION_LEVEL = 0;
				GCC_PREPROCESSOR_DEFINITIONS = (
					"DEBUG=1",
					"$(inherited)",
				);
				GCC_WARN_64_TO_32_BIT_CONVERSION = YES;
				GCC_WARN_ABOUT_RETURN_TYPE = YES_ERROR;
				GCC_WARN_UNDECLARED_SELECTOR = YES;
				GCC_WARN_UNINITIALIZED_AUTOS = YES_AGGRESSIVE;
				GCC_WARN_UNUSED_FUNCTION = YES;
				GCC_WARN_UNUSED_VARIABLE = YES;
				IPHONEOS_DEPLOYMENT_TARGET = 15.5;
				MTL_ENABLE_DEBUG_INFO = INCLUDE_SOURCE;
				MTL_FAST_MATH = YES;
				ONLY_ACTIVE_ARCH = YES;
				SDKROOT = iphoneos;
				SWIFT_ACTIVE_COMPILATION_CONDITIONS = DEBUG;
				SWIFT_OPTIMIZATION_LEVEL = "-Onone";
			};
			name = Debug;
		};
		DB62013C288A49AA0026C0C3 /* Release */ = {
			isa = XCBuildConfiguration;
			buildSettings = {
				ALWAYS_SEARCH_USER_PATHS = NO;
				CLANG_ANALYZER_NONNULL = YES;
				CLANG_ANALYZER_NUMBER_OBJECT_CONVERSION = YES_AGGRESSIVE;
				CLANG_CXX_LANGUAGE_STANDARD = "gnu++17";
				CLANG_ENABLE_MODULES = YES;
				CLANG_ENABLE_OBJC_ARC = YES;
				CLANG_ENABLE_OBJC_WEAK = YES;
				CLANG_WARN_BLOCK_CAPTURE_AUTORELEASING = YES;
				CLANG_WARN_BOOL_CONVERSION = YES;
				CLANG_WARN_COMMA = YES;
				CLANG_WARN_CONSTANT_CONVERSION = YES;
				CLANG_WARN_DEPRECATED_OBJC_IMPLEMENTATIONS = YES;
				CLANG_WARN_DIRECT_OBJC_ISA_USAGE = YES_ERROR;
				CLANG_WARN_DOCUMENTATION_COMMENTS = YES;
				CLANG_WARN_EMPTY_BODY = YES;
				CLANG_WARN_ENUM_CONVERSION = YES;
				CLANG_WARN_INFINITE_RECURSION = YES;
				CLANG_WARN_INT_CONVERSION = YES;
				CLANG_WARN_NON_LITERAL_NULL_CONVERSION = YES;
				CLANG_WARN_OBJC_IMPLICIT_RETAIN_SELF = YES;
				CLANG_WARN_OBJC_LITERAL_CONVERSION = YES;
				CLANG_WARN_OBJC_ROOT_CLASS = YES_ERROR;
				CLANG_WARN_QUOTED_INCLUDE_IN_FRAMEWORK_HEADER = YES;
				CLANG_WARN_RANGE_LOOP_ANALYSIS = YES;
				CLANG_WARN_STRICT_PROTOTYPES = YES;
				CLANG_WARN_SUSPICIOUS_MOVE = YES;
				CLANG_WARN_UNGUARDED_AVAILABILITY = YES_AGGRESSIVE;
				CLANG_WARN_UNREACHABLE_CODE = YES;
				CLANG_WARN__DUPLICATE_METHOD_MATCH = YES;
				COPY_PHASE_STRIP = NO;
				DEBUG_INFORMATION_FORMAT = "dwarf-with-dsym";
				ENABLE_NS_ASSERTIONS = NO;
				ENABLE_STRICT_OBJC_MSGSEND = YES;
				GCC_C_LANGUAGE_STANDARD = gnu11;
				GCC_NO_COMMON_BLOCKS = YES;
				GCC_WARN_64_TO_32_BIT_CONVERSION = YES;
				GCC_WARN_ABOUT_RETURN_TYPE = YES_ERROR;
				GCC_WARN_UNDECLARED_SELECTOR = YES;
				GCC_WARN_UNINITIALIZED_AUTOS = YES_AGGRESSIVE;
				GCC_WARN_UNUSED_FUNCTION = YES;
				GCC_WARN_UNUSED_VARIABLE = YES;
				IPHONEOS_DEPLOYMENT_TARGET = 15.5;
				MTL_ENABLE_DEBUG_INFO = NO;
				MTL_FAST_MATH = YES;
				SDKROOT = iphoneos;
				SWIFT_COMPILATION_MODE = wholemodule;
				SWIFT_OPTIMIZATION_LEVEL = "-O";
				VALIDATE_PRODUCT = YES;
			};
			name = Release;
		};
		DB62013E288A49AA0026C0C3 /* Debug */ = {
			isa = XCBuildConfiguration;
			buildSettings = {
				ASSETCATALOG_COMPILER_APPICON_NAME = AppIcon;
				ASSETCATALOG_COMPILER_GLOBAL_ACCENT_COLOR_NAME = AccentColor;
				ASSETCATALOG_COMPILER_INCLUDE_ALL_APPICON_ASSETS = NO;
				CODE_SIGN_STYLE = Automatic;
				CURRENT_PROJECT_VERSION = 1;
				DEVELOPMENT_TEAM = L7SMRXB5WV;
				GENERATE_INFOPLIST_FILE = YES;
				INFOPLIST_FILE = Nano2/Info.plist;
				INFOPLIST_KEY_CFBundleDisplayName = Reflecta;
				INFOPLIST_KEY_UIApplicationSupportsIndirectInputEvents = YES;
				INFOPLIST_KEY_UILaunchStoryboardName = LaunchScreen.storyboard;
				INFOPLIST_KEY_UIMainStoryboardFile = Main;
				INFOPLIST_KEY_UISupportedInterfaceOrientations = UIInterfaceOrientationPortrait;
				INFOPLIST_KEY_UISupportedInterfaceOrientations_iPad = "UIInterfaceOrientationLandscapeLeft UIInterfaceOrientationLandscapeRight UIInterfaceOrientationPortraitUpsideDown";
				LD_RUNPATH_SEARCH_PATHS = (
					"$(inherited)",
					"@executable_path/Frameworks",
				);
				MARKETING_VERSION = 1.0;
				PRODUCT_BUNDLE_IDENTIFIER = com.Esgeee.Reflecta;
				PRODUCT_NAME = "$(TARGET_NAME)";
				SWIFT_EMIT_LOC_STRINGS = YES;
				SWIFT_VERSION = 5.0;
				TARGETED_DEVICE_FAMILY = 1;
			};
			name = Debug;
		};
		DB62013F288A49AA0026C0C3 /* Release */ = {
			isa = XCBuildConfiguration;
			buildSettings = {
				ASSETCATALOG_COMPILER_APPICON_NAME = AppIcon;
				ASSETCATALOG_COMPILER_GLOBAL_ACCENT_COLOR_NAME = AccentColor;
				ASSETCATALOG_COMPILER_INCLUDE_ALL_APPICON_ASSETS = NO;
				CODE_SIGN_STYLE = Automatic;
				CURRENT_PROJECT_VERSION = 1;
				DEVELOPMENT_TEAM = L7SMRXB5WV;
				GENERATE_INFOPLIST_FILE = YES;
				INFOPLIST_FILE = Nano2/Info.plist;
				INFOPLIST_KEY_CFBundleDisplayName = Reflecta;
				INFOPLIST_KEY_UIApplicationSupportsIndirectInputEvents = YES;
				INFOPLIST_KEY_UILaunchStoryboardName = LaunchScreen.storyboard;
				INFOPLIST_KEY_UIMainStoryboardFile = Main;
				INFOPLIST_KEY_UISupportedInterfaceOrientations = UIInterfaceOrientationPortrait;
				INFOPLIST_KEY_UISupportedInterfaceOrientations_iPad = "UIInterfaceOrientationLandscapeLeft UIInterfaceOrientationLandscapeRight UIInterfaceOrientationPortraitUpsideDown";
				LD_RUNPATH_SEARCH_PATHS = (
					"$(inherited)",
					"@executable_path/Frameworks",
				);
				MARKETING_VERSION = 1.0;
				PRODUCT_BUNDLE_IDENTIFIER = com.Esgeee.Reflecta;
				PRODUCT_NAME = "$(TARGET_NAME)";
				SWIFT_EMIT_LOC_STRINGS = YES;
				SWIFT_VERSION = 5.0;
				TARGETED_DEVICE_FAMILY = 1;
			};
			name = Release;
		};
/* End XCBuildConfiguration section */

/* Begin XCConfigurationList section */
		DB620124288A49A90026C0C3 /* Build configuration list for PBXProject "Nano2" */ = {
			isa = XCConfigurationList;
			buildConfigurations = (
				DB62013B288A49AA0026C0C3 /* Debug */,
				DB62013C288A49AA0026C0C3 /* Release */,
			);
			defaultConfigurationIsVisible = 0;
			defaultConfigurationName = Release;
		};
		DB62013D288A49AA0026C0C3 /* Build configuration list for PBXNativeTarget "Nano2" */ = {
			isa = XCConfigurationList;
			buildConfigurations = (
				DB62013E288A49AA0026C0C3 /* Debug */,
				DB62013F288A49AA0026C0C3 /* Release */,
			);
			defaultConfigurationIsVisible = 0;
			defaultConfigurationName = Release;
		};
/* End XCConfigurationList section */

/* Begin XCRemoteSwiftPackageReference section */
		DB34913A28D42D980035951C /* XCRemoteSwiftPackageReference "SnapKit" */ = {
			isa = XCRemoteSwiftPackageReference;
			repositoryURL = "https://github.com/SnapKit/SnapKit";
			requirement = {
				kind = upToNextMajorVersion;
				minimumVersion = 5.0.0;
			};
		};
		DB90316C28EE88BF00B79909 /* XCRemoteSwiftPackageReference "IQKeyboardManager" */ = {
			isa = XCRemoteSwiftPackageReference;
			repositoryURL = "https://github.com/hackiftekhar/IQKeyboardManager";
			requirement = {
				branch = master;
				kind = branch;
			};
		};
/* End XCRemoteSwiftPackageReference section */

/* Begin XCSwiftPackageProductDependency section */
		DB34913B28D42D980035951C /* SnapKit */ = {
			isa = XCSwiftPackageProductDependency;
			package = DB34913A28D42D980035951C /* XCRemoteSwiftPackageReference "SnapKit" */;
			productName = SnapKit;
		};
		DB90316D28EE88BF00B79909 /* IQKeyboardManagerSwift */ = {
			isa = XCSwiftPackageProductDependency;
			package = DB90316C28EE88BF00B79909 /* XCRemoteSwiftPackageReference "IQKeyboardManager" */;
			productName = IQKeyboardManagerSwift;
		};
/* End XCSwiftPackageProductDependency section */
	};
	rootObject = DB620121288A49A90026C0C3 /* Project object */;
}
